
Microsoft Visual Studio Solution File, Format Version 12.00
# Visual Studio 14
VisualStudioVersion = 14.0.23107.0
MinimumVisualStudioVersion = 10.0.40219.1
Project("{FAE04EC0-301F-11D3-BF4B-00C04F79EFBC}") = "NHoliday", "NHoliday\NHoliday.csproj", "{D2640EF5-6E01-425A-A3B3-E5E81370112A}"
EndProject
Global
	GlobalSection(SolutionConfigurationPlatforms) = preSolution
		Debug|Any CPU = Debug|Any CPU
		Release|Any CPU = Release|Any CPU
	EndGlobalSection
	GlobalSection(ProjectConfigurationPlatforms) = postSolution
		{D2640EF5-6E01-425A-A3B3-E5E81370112A}.Debug|Any CPU.ActiveCfg = Debug|Any CPU
		{D2640EF5-6E01-425A-A3B3-E5E81370112A}.Debug|Any CPU.Build.0 = Debug|Any CPU
		{D2640EF5-6E01-425A-A3B3-E5E81370112A}.Release|Any CPU.ActiveCfg = Release|Any CPU
		{D2640EF5-6E01-425A-A3B3-E5E81370112A}.Release|Any CPU.Build.0 = Release|Any CPU
	EndGlobalSection
	GlobalSection(SolutionProperties) = preSolution
		HideSolutionNode = FALSE
	EndGlobalSection
EndGlobal
